
Microsoft Visual Studio Solution File, Format Version 12.00
# Visual Studio Version 17
VisualStudioVersion = 17.5.33414.496
MinimumVisualStudioVersion = 10.0.40219.1
Project("{FAE04EC0-301F-11D3-BF4B-00C04F79EFBC}") = "ConsoleApp1", "ConsoleApp1\ConsoleApp1.csproj", "{B1CE51CD-92F0-4C51-B17F-23D41F31DC99}"
EndProject
Global
	GlobalSection(SolutionConfigurationPlatforms) = preSolution
		Debug|Any CPU = Debug|Any CPU
		Release|Any CPU = Release|Any CPU
	EndGlobalSection
	GlobalSection(ProjectConfigurationPlatforms) = postSolution
		{B1CE51CD-92F0-4C51-B17F-23D41F31DC99}.Debug|Any CPU.ActiveCfg = Debug|Any CPU
		{B1CE51CD-92F0-4C51-B17F-23D41F31DC99}.Debug|Any CPU.Build.0 = Debug|Any CPU
		{B1CE51CD-92F0-4C51-B17F-23D41F31DC99}.Release|Any CPU.ActiveCfg = Release|Any CPU
		{B1CE51CD-92F0-4C51-B17F-23D41F31DC99}.Release|Any CPU.Build.0 = Release|Any CPU
	EndGlobalSection
	GlobalSection(SolutionProperties) = preSolution
		HideSolutionNode = FALSE
	EndGlobalSection
	GlobalSection(ExtensibilityGlobals) = postSolution
		SolutionGuid = {CD2B044E-D3E5-40FD-A1E6-E32ADE6F248F}
	EndGlobalSection
EndGlobal
